
Microsoft Visual Studio Solution File, Format Version 12.00
# Visual Studio 15
VisualStudioVersion = 15.0.27004.2002
MinimumVisualStudioVersion = 10.0.40219.1
Project("{FAE04EC0-301F-11D3-BF4B-00C04F79EFBC}") = "Hashtable", "Solution\Hashtable.csproj", "{C0369CFD-D1CC-436C-88F3-DEBA35309B41}"
EndProject
Global
	GlobalSection(SolutionConfigurationPlatforms) = preSolution
		Debug|Any CPU = Debug|Any CPU
		Release|Any CPU = Release|Any CPU
	EndGlobalSection
	GlobalSection(ProjectConfigurationPlatforms) = postSolution
		{C0369CFD-D1CC-436C-88F3-DEBA35309B41}.Debug|Any CPU.ActiveCfg = Debug|Any CPU
		{C0369CFD-D1CC-436C-88F3-DEBA35309B41}.Debug|Any CPU.Build.0 = Debug|Any CPU
		{C0369CFD-D1CC-436C-88F3-DEBA35309B41}.Release|Any CPU.ActiveCfg = Release|Any CPU
		{C0369CFD-D1CC-436C-88F3-DEBA35309B41}.Release|Any CPU.Build.0 = Release|Any CPU
	EndGlobalSection
	GlobalSection(SolutionProperties) = preSolution
		HideSolutionNode = FALSE
	EndGlobalSection
	GlobalSection(ExtensibilityGlobals) = postSolution
		SolutionGuid = {69324FA8-5F3C-4D71-8F9A-0F6A80B98252}
	EndGlobalSection
EndGlobal
